
Microsoft Visual Studio Solution File, Format Version 12.00
# Visual Studio Version 17
VisualStudioVersion = 17.6.33829.357
MinimumVisualStudioVersion = 10.0.40219.1
Project("{2150E333-8FDC-42A3-9474-1A3956D46DE8}") = "Test", "Test", "{ED9E18AC-7079-4509-B929-C4820FE5F90F}"
EndProject
Project("{2150E333-8FDC-42A3-9474-1A3956D46DE8}") = "SRC", "SRC", "{ABD358DB-4857-42EC-8C99-DB3BCD3F977A}"
EndProject
Project("{2150E333-8FDC-42A3-9474-1A3956D46DE8}") = "ExternalKernel", "ExternalKernel", "{6C8D96C1-4D12-4B09-A1E4-2AC0AD4620A8}"
EndProject
Project("{9A19103F-16F7-4668-BE54-9A1E7A4F7556}") = "WorkerServiceBackupDatabase", "ExternalKernel\WorkerServiceBackupDatabase\WorkerServiceBackupDatabase.csproj", "{9CDFDFAD-C774-42DD-9162-1F57AE2ADAFA}"
EndProject
Project("{2150E333-8FDC-42A3-9474-1A3956D46DE8}") = "1.Domain", "1.Domain", "{608070D4-07F2-4FC8-8B46-476E58FD2538}"
EndProject
Project("{2150E333-8FDC-42A3-9474-1A3956D46DE8}") = "2.Application", "2.Application", "{726F5E09-CFBC-4EBF-B6A5-BC6C32015D2F}"
EndProject
Project("{2150E333-8FDC-42A3-9474-1A3956D46DE8}") = "3.Infrastructure", "3.Infrastructure", "{31F5FF39-C206-48F6-9B89-B5ED235A6B82}"
EndProject
Project("{2150E333-8FDC-42A3-9474-1A3956D46DE8}") = "4.EndPoints", "4.EndPoints", "{B8CE7965-4D4D-4CB4-B87B-69692AB59FB7}"
EndProject
Project("{2150E333-8FDC-42A3-9474-1A3956D46DE8}") = "1.DomainTest", "1.DomainTest", "{319D1828-5D65-4A45-BAFC-A55B400EF01E}"
EndProject
Project("{2150E333-8FDC-42A3-9474-1A3956D46DE8}") = "2.ApplicationTests", "2.ApplicationTests", "{37637890-BEE0-4CFB-A84F-4152E95F5513}"
EndProject
Project("{2150E333-8FDC-42A3-9474-1A3956D46DE8}") = "3.InfrastructureTest", "3.InfrastructureTest", "{63678156-0B43-4C35-BC9A-CB2FDBFEEDAA}"
EndProject
Project("{2150E333-8FDC-42A3-9474-1A3956D46DE8}") = "4.EndPointsTest", "4.EndPointsTest", "{BC4E891F-2B16-4EFB-A7D7-94A83962252C}"
EndProject
Project("{FAE04EC0-301F-11D3-BF4B-00C04F79EFBC}") = "CleanArchitecture.Domain", "SRC\1.Domain\CleanArchitecture.Domain\CleanArchitecture.Domain.csproj", "{A11E64D1-9930-444E-9FD3-442C04DC2420}"
EndProject
Project("{FAE04EC0-301F-11D3-BF4B-00C04F79EFBC}") = "CleanArchitecture.Application", "SRC\2.Application\CleanArchitecture.Application\CleanArchitecture.Application.csproj", "{EA0E22F6-CA5A-4D2D-84AF-4321F6CB6EBA}"
EndProject
Project("{FAE04EC0-301F-11D3-BF4B-00C04F79EFBC}") = "CleanArchitecture.Infrastructure", "SRC\3.Infrastructure\CleanArchitecture.Infrastructure\CleanArchitecture.Infrastructure.csproj", "{F89701E5-BF64-4C73-A834-8DBD5BFB5C00}"
EndProject
Project("{FAE04EC0-301F-11D3-BF4B-00C04F79EFBC}") = "CleanArchitecture.WebApi", "SRC\4.EndPoints\CleanArchitecture.WebApi\CleanArchitecture.WebApi.csproj", "{C3A12318-79CC-42CE-89F7-6D5D57F701DE}"
EndProject
Project("{FAE04EC0-301F-11D3-BF4B-00C04F79EFBC}") = "CleanArchitecture.Domain.Test", "Test\1.DomainTests\CleanArchitecture.Domain.Test\CleanArchitecture.Domain.Test.csproj", "{1750F4B7-99C5-4EEA-B3FF-4CE723F55669}"
EndProject
Project("{FAE04EC0-301F-11D3-BF4B-00C04F79EFBC}") = "CleanArchitecture.Application.Test", "Test\2.ApplicationTests\CleanArchitecture.Application.Test\CleanArchitecture.Application.Test.csproj", "{14DD1FCD-72D5-4C61-A616-2D0E9BCD8C15}"
EndProject
Project("{FAE04EC0-301F-11D3-BF4B-00C04F79EFBC}") = "CleanArchitecture.Infrastructure.Test", "Test\3.InfrastructureTest\CleanArchitecture.Infrastructure.Test\CleanArchitecture.Infrastructure.Test.csproj", "{2253BF1E-19F6-4418-81EA-13BC198F0505}"
EndProject
Project("{FAE04EC0-301F-11D3-BF4B-00C04F79EFBC}") = "CleanArchitecture.EndPointAPI.Test", "Test\4.EndPointsTest\CleanArchitecture.EndPointAPI.Test\CleanArchitecture.EndPointAPI.Test.csproj", "{147D6513-E153-44A5-A3FD-8AAD0B1C5800}"
EndProject
Global
	GlobalSection(SolutionConfigurationPlatforms) = preSolution
		Debug|Any CPU = Debug|Any CPU
		Release|Any CPU = Release|Any CPU
	EndGlobalSection
	GlobalSection(ProjectConfigurationPlatforms) = postSolution
		{9CDFDFAD-C774-42DD-9162-1F57AE2ADAFA}.Debug|Any CPU.ActiveCfg = Debug|Any CPU
		{9CDFDFAD-C774-42DD-9162-1F57AE2ADAFA}.Debug|Any CPU.Build.0 = Debug|Any CPU
		{9CDFDFAD-C774-42DD-9162-1F57AE2ADAFA}.Release|Any CPU.ActiveCfg = Release|Any CPU
		{9CDFDFAD-C774-42DD-9162-1F57AE2ADAFA}.Release|Any CPU.Build.0 = Release|Any CPU
		{A11E64D1-9930-444E-9FD3-442C04DC2420}.Debug|Any CPU.ActiveCfg = Debug|Any CPU
		{A11E64D1-9930-444E-9FD3-442C04DC2420}.Debug|Any CPU.Build.0 = Debug|Any CPU
		{A11E64D1-9930-444E-9FD3-442C04DC2420}.Release|Any CPU.ActiveCfg = Release|Any CPU
		{A11E64D1-9930-444E-9FD3-442C04DC2420}.Release|Any CPU.Build.0 = Release|Any CPU
		{EA0E22F6-CA5A-4D2D-84AF-4321F6CB6EBA}.Debug|Any CPU.ActiveCfg = Debug|Any CPU
		{EA0E22F6-CA5A-4D2D-84AF-4321F6CB6EBA}.Debug|Any CPU.Build.0 = Debug|Any CPU
		{EA0E22F6-CA5A-4D2D-84AF-4321F6CB6EBA}.Release|Any CPU.ActiveCfg = Release|Any CPU
		{EA0E22F6-CA5A-4D2D-84AF-4321F6CB6EBA}.Release|Any CPU.Build.0 = Release|Any CPU
		{F89701E5-BF64-4C73-A834-8DBD5BFB5C00}.Debug|Any CPU.ActiveCfg = Debug|Any CPU
		{F89701E5-BF64-4C73-A834-8DBD5BFB5C00}.Debug|Any CPU.Build.0 = Debug|Any CPU
		{F89701E5-BF64-4C73-A834-8DBD5BFB5C00}.Release|Any CPU.ActiveCfg = Release|Any CPU
		{F89701E5-BF64-4C73-A834-8DBD5BFB5C00}.Release|Any CPU.Build.0 = Release|Any CPU
		{C3A12318-79CC-42CE-89F7-6D5D57F701DE}.Debug|Any CPU.ActiveCfg = Debug|Any CPU
		{C3A12318-79CC-42CE-89F7-6D5D57F701DE}.Debug|Any CPU.Build.0 = Debug|Any CPU
		{C3A12318-79CC-42CE-89F7-6D5D57F701DE}.Release|Any CPU.ActiveCfg = Release|Any CPU
		{C3A12318-79CC-42CE-89F7-6D5D57F701DE}.Release|Any CPU.Build.0 = Release|Any CPU
		{1750F4B7-99C5-4EEA-B3FF-4CE723F55669}.Debug|Any CPU.ActiveCfg = Debug|Any CPU
		{1750F4B7-99C5-4EEA-B3FF-4CE723F55669}.Debug|Any CPU.Build.0 = Debug|Any CPU
		{1750F4B7-99C5-4EEA-B3FF-4CE723F55669}.Release|Any CPU.ActiveCfg = Release|Any CPU
		{1750F4B7-99C5-4EEA-B3FF-4CE723F55669}.Release|Any CPU.Build.0 = Release|Any CPU
		{14DD1FCD-72D5-4C61-A616-2D0E9BCD8C15}.Debug|Any CPU.ActiveCfg = Debug|Any CPU
		{14DD1FCD-72D5-4C61-A616-2D0E9BCD8C15}.Debug|Any CPU.Build.0 = Debug|Any CPU
		{14DD1FCD-72D5-4C61-A616-2D0E9BCD8C15}.Release|Any CPU.ActiveCfg = Release|Any CPU
		{14DD1FCD-72D5-4C61-A616-2D0E9BCD8C15}.Release|Any CPU.Build.0 = Release|Any CPU
		{2253BF1E-19F6-4418-81EA-13BC198F0505}.Debug|Any CPU.ActiveCfg = Debug|Any CPU
		{2253BF1E-19F6-4418-81EA-13BC198F0505}.Debug|Any CPU.Build.0 = Debug|Any CPU
		{2253BF1E-19F6-4418-81EA-13BC198F0505}.Release|Any CPU.ActiveCfg = Release|Any CPU
		{2253BF1E-19F6-4418-81EA-13BC198F0505}.Release|Any CPU.Build.0 = Release|Any CPU
		{147D6513-E153-44A5-A3FD-8AAD0B1C5800}.Debug|Any CPU.ActiveCfg = Debug|Any CPU
		{147D6513-E153-44A5-A3FD-8AAD0B1C5800}.Debug|Any CPU.Build.0 = Debug|Any CPU
		{147D6513-E153-44A5-A3FD-8AAD0B1C5800}.Release|Any CPU.ActiveCfg = Release|Any CPU
		{147D6513-E153-44A5-A3FD-8AAD0B1C5800}.Release|Any CPU.Build.0 = Release|Any CPU
	EndGlobalSection
	GlobalSection(SolutionProperties) = preSolution
		HideSolutionNode = FALSE
	EndGlobalSection
	GlobalSection(NestedProjects) = preSolution
		{9CDFDFAD-C774-42DD-9162-1F57AE2ADAFA} = {6C8D96C1-4D12-4B09-A1E4-2AC0AD4620A8}
		{608070D4-07F2-4FC8-8B46-476E58FD2538} = {ABD358DB-4857-42EC-8C99-DB3BCD3F977A}
		{726F5E09-CFBC-4EBF-B6A5-BC6C32015D2F} = {ABD358DB-4857-42EC-8C99-DB3BCD3F977A}
		{31F5FF39-C206-48F6-9B89-B5ED235A6B82} = {ABD358DB-4857-42EC-8C99-DB3BCD3F977A}
		{B8CE7965-4D4D-4CB4-B87B-69692AB59FB7} = {ABD358DB-4857-42EC-8C99-DB3BCD3F977A}
		{319D1828-5D65-4A45-BAFC-A55B400EF01E} = {ED9E18AC-7079-4509-B929-C4820FE5F90F}
		{37637890-BEE0-4CFB-A84F-4152E95F5513} = {ED9E18AC-7079-4509-B929-C4820FE5F90F}
		{63678156-0B43-4C35-BC9A-CB2FDBFEEDAA} = {ED9E18AC-7079-4509-B929-C4820FE5F90F}
		{BC4E891F-2B16-4EFB-A7D7-94A83962252C} = {ED9E18AC-7079-4509-B929-C4820FE5F90F}
		{A11E64D1-9930-444E-9FD3-442C04DC2420} = {608070D4-07F2-4FC8-8B46-476E58FD2538}
		{EA0E22F6-CA5A-4D2D-84AF-4321F6CB6EBA} = {726F5E09-CFBC-4EBF-B6A5-BC6C32015D2F}
		{F89701E5-BF64-4C73-A834-8DBD5BFB5C00} = {31F5FF39-C206-48F6-9B89-B5ED235A6B82}
		{C3A12318-79CC-42CE-89F7-6D5D57F701DE} = {B8CE7965-4D4D-4CB4-B87B-69692AB59FB7}
		{1750F4B7-99C5-4EEA-B3FF-4CE723F55669} = {319D1828-5D65-4A45-BAFC-A55B400EF01E}
		{14DD1FCD-72D5-4C61-A616-2D0E9BCD8C15} = {37637890-BEE0-4CFB-A84F-4152E95F5513}
		{2253BF1E-19F6-4418-81EA-13BC198F0505} = {63678156-0B43-4C35-BC9A-CB2FDBFEEDAA}
		{147D6513-E153-44A5-A3FD-8AAD0B1C5800} = {BC4E891F-2B16-4EFB-A7D7-94A83962252C}
	EndGlobalSection
	GlobalSection(ExtensibilityGlobals) = postSolution
		SolutionGuid = {A57D86D6-5EF8-4745-9B92-13AE22320AE5}
	EndGlobalSection
EndGlobal
