
Microsoft Visual Studio Solution File, Format Version 12.00
# Visual Studio Version 17
VisualStudioVersion = 17.4.33213.308
MinimumVisualStudioVersion = 10.0.40219.1
Project("{9A19103F-16F7-4668-BE54-9A1E7A4F7556}") = "Library", "Library\Library.csproj", "{952FB0ED-1DB3-4FAD-ADF4-72F2FD04D627}"
EndProject
Project("{FAE04EC0-301F-11D3-BF4B-00C04F79EFBC}") = "DAL", "DAL\DAL.csproj", "{6E90FDDE-845F-4998-99A1-1BFB38EAC508}"
EndProject
Project("{FAE04EC0-301F-11D3-BF4B-00C04F79EFBC}") = "BLL", "BLL\BLL.csproj", "{F7419235-7E28-49D1-B8CF-25E61DE5C928}"
EndProject
Global
	GlobalSection(SolutionConfigurationPlatforms) = preSolution
		Debug|Any CPU = Debug|Any CPU
		Release|Any CPU = Release|Any CPU
	EndGlobalSection
	GlobalSection(ProjectConfigurationPlatforms) = postSolution
		{952FB0ED-1DB3-4FAD-ADF4-72F2FD04D627}.Debug|Any CPU.ActiveCfg = Debug|Any CPU
		{952FB0ED-1DB3-4FAD-ADF4-72F2FD04D627}.Debug|Any CPU.Build.0 = Debug|Any CPU
		{952FB0ED-1DB3-4FAD-ADF4-72F2FD04D627}.Release|Any CPU.ActiveCfg = Release|Any CPU
		{952FB0ED-1DB3-4FAD-ADF4-72F2FD04D627}.Release|Any CPU.Build.0 = Release|Any CPU
		{6E90FDDE-845F-4998-99A1-1BFB38EAC508}.Debug|Any CPU.ActiveCfg = Debug|Any CPU
		{6E90FDDE-845F-4998-99A1-1BFB38EAC508}.Debug|Any CPU.Build.0 = Debug|Any CPU
		{6E90FDDE-845F-4998-99A1-1BFB38EAC508}.Release|Any CPU.ActiveCfg = Release|Any CPU
		{6E90FDDE-845F-4998-99A1-1BFB38EAC508}.Release|Any CPU.Build.0 = Release|Any CPU
		{F7419235-7E28-49D1-B8CF-25E61DE5C928}.Debug|Any CPU.ActiveCfg = Debug|Any CPU
		{F7419235-7E28-49D1-B8CF-25E61DE5C928}.Debug|Any CPU.Build.0 = Debug|Any CPU
		{F7419235-7E28-49D1-B8CF-25E61DE5C928}.Release|Any CPU.ActiveCfg = Release|Any CPU
		{F7419235-7E28-49D1-B8CF-25E61DE5C928}.Release|Any CPU.Build.0 = Release|Any CPU
	EndGlobalSection
	GlobalSection(SolutionProperties) = preSolution
		HideSolutionNode = FALSE
	EndGlobalSection
	GlobalSection(ExtensibilityGlobals) = postSolution
		SolutionGuid = {5FF7C88E-8514-45FD-A017-124D33DF6C6F}
	EndGlobalSection
EndGlobal
