
Microsoft Visual Studio Solution File, Format Version 12.00
# Visual Studio Version 17
VisualStudioVersion = 17.6.33829.357
MinimumVisualStudioVersion = 10.0.40219.1
Project("{9A19103F-16F7-4668-BE54-9A1E7A4F7556}") = "Domain.Library", "Domain.Library\Domain.Library.csproj", "{BC4858CE-5AC5-4B32-8EC6-BAF50F3F7DBB}"
EndProject
Project("{FAE04EC0-301F-11D3-BF4B-00C04F79EFBC}") = "Application.Library", "Application.Library\Application.Library.csproj", "{03A671C2-C7CD-4037-B634-9DA443C1CC6E}"
EndProject
Project("{FAE04EC0-301F-11D3-BF4B-00C04F79EFBC}") = "Infrastructure.Library", "Infrastructure.Library\Infrastructure.Library.csproj", "{136B3EB9-64F2-43B4-9076-57E8D12C08BF}"
EndProject
Project("{FAE04EC0-301F-11D3-BF4B-00C04F79EFBC}") = "Persistance.Library", "Persistance.Library\Persistance.Library.csproj", "{4F8B1780-F9FB-456E-B6B6-810E9CF3A4F5}"
EndProject
Project("{FAE04EC0-301F-11D3-BF4B-00C04F79EFBC}") = "WEB_API", "WEB_API\WEB_API.csproj", "{A2B81C86-B6EF-43E6-B0BE-98486061881B}"
EndProject
Global
	GlobalSection(SolutionConfigurationPlatforms) = preSolution
		Debug|Any CPU = Debug|Any CPU
		Release|Any CPU = Release|Any CPU
	EndGlobalSection
	GlobalSection(ProjectConfigurationPlatforms) = postSolution
		{BC4858CE-5AC5-4B32-8EC6-BAF50F3F7DBB}.Debug|Any CPU.ActiveCfg = Debug|Any CPU
		{BC4858CE-5AC5-4B32-8EC6-BAF50F3F7DBB}.Debug|Any CPU.Build.0 = Debug|Any CPU
		{BC4858CE-5AC5-4B32-8EC6-BAF50F3F7DBB}.Release|Any CPU.ActiveCfg = Release|Any CPU
		{BC4858CE-5AC5-4B32-8EC6-BAF50F3F7DBB}.Release|Any CPU.Build.0 = Release|Any CPU
		{03A671C2-C7CD-4037-B634-9DA443C1CC6E}.Debug|Any CPU.ActiveCfg = Debug|Any CPU
		{03A671C2-C7CD-4037-B634-9DA443C1CC6E}.Debug|Any CPU.Build.0 = Debug|Any CPU
		{03A671C2-C7CD-4037-B634-9DA443C1CC6E}.Release|Any CPU.ActiveCfg = Release|Any CPU
		{03A671C2-C7CD-4037-B634-9DA443C1CC6E}.Release|Any CPU.Build.0 = Release|Any CPU
		{136B3EB9-64F2-43B4-9076-57E8D12C08BF}.Debug|Any CPU.ActiveCfg = Debug|Any CPU
		{136B3EB9-64F2-43B4-9076-57E8D12C08BF}.Debug|Any CPU.Build.0 = Debug|Any CPU
		{136B3EB9-64F2-43B4-9076-57E8D12C08BF}.Release|Any CPU.ActiveCfg = Release|Any CPU
		{136B3EB9-64F2-43B4-9076-57E8D12C08BF}.Release|Any CPU.Build.0 = Release|Any CPU
		{4F8B1780-F9FB-456E-B6B6-810E9CF3A4F5}.Debug|Any CPU.ActiveCfg = Debug|Any CPU
		{4F8B1780-F9FB-456E-B6B6-810E9CF3A4F5}.Debug|Any CPU.Build.0 = Debug|Any CPU
		{4F8B1780-F9FB-456E-B6B6-810E9CF3A4F5}.Release|Any CPU.ActiveCfg = Release|Any CPU
		{4F8B1780-F9FB-456E-B6B6-810E9CF3A4F5}.Release|Any CPU.Build.0 = Release|Any CPU
		{A2B81C86-B6EF-43E6-B0BE-98486061881B}.Debug|Any CPU.ActiveCfg = Debug|Any CPU
		{A2B81C86-B6EF-43E6-B0BE-98486061881B}.Debug|Any CPU.Build.0 = Debug|Any CPU
		{A2B81C86-B6EF-43E6-B0BE-98486061881B}.Release|Any CPU.ActiveCfg = Release|Any CPU
		{A2B81C86-B6EF-43E6-B0BE-98486061881B}.Release|Any CPU.Build.0 = Release|Any CPU
	EndGlobalSection
	GlobalSection(SolutionProperties) = preSolution
		HideSolutionNode = FALSE
	EndGlobalSection
	GlobalSection(ExtensibilityGlobals) = postSolution
		SolutionGuid = {0EB15DF8-E1C0-4D3A-8426-C361C522F67C}
	EndGlobalSection
EndGlobal
