
Microsoft Visual Studio Solution File, Format Version 12.00
# Visual Studio Version 17
VisualStudioVersion = 17.4.33213.308
MinimumVisualStudioVersion = 10.0.40219.1
Project("{2150E333-8FDC-42A3-9474-1A3956D46DE8}") = "src", "src", "{D8643C16-5718-4126-B5B1-F9233474EC09}"
EndProject
Project("{2150E333-8FDC-42A3-9474-1A3956D46DE8}") = "Core", "Core", "{465383D5-0CBB-48A6-9C17-0B0D131950DD}"
EndProject
Project("{2150E333-8FDC-42A3-9474-1A3956D46DE8}") = "Infrastructure", "Infrastructure", "{BCAC41B9-B3C1-41BB-85A4-859A441FDDBC}"
EndProject
Project("{2150E333-8FDC-42A3-9474-1A3956D46DE8}") = "Common", "Common", "{4C419D97-51F7-4638-8532-7B09F3FEB3BF}"
EndProject
Project("{2150E333-8FDC-42A3-9474-1A3956D46DE8}") = "Presentation", "Presentation", "{5D70FB8D-7345-4378-8EC0-FF1B64D7617B}"
EndProject
Project("{9A19103F-16F7-4668-BE54-9A1E7A4F7556}") = "Common.Library", "Common.Library\Common.Library.csproj", "{113ADAC3-4779-4B23-BC7D-643C3EDB6EB6}"
EndProject
Project("{9A19103F-16F7-4668-BE54-9A1E7A4F7556}") = "Domain.Library", "Domain.Library\Domain.Library.csproj", "{43E827FF-C049-4CF9-87F0-2C7DB893CB14}"
EndProject
Project("{9A19103F-16F7-4668-BE54-9A1E7A4F7556}") = "Application.Library", "Application.Library\Application.Library.csproj", "{58A460FD-0279-47AA-BA41-797903DF1103}"
EndProject
Project("{9A19103F-16F7-4668-BE54-9A1E7A4F7556}") = "Infrastructure.Library", "Infrastructure.Library\Infrastructure.Library.csproj", "{1B940BD0-E5DD-4E2F-BAB5-0E00F7C67A63}"
EndProject
Project("{9A19103F-16F7-4668-BE54-9A1E7A4F7556}") = "Persistance.Library", "Persistance.Library\Persistance.Library.csproj", "{51D2D8EB-F9BA-4597-A95F-231322D239A4}"
EndProject
Project("{2150E333-8FDC-42A3-9474-1A3956D46DE8}") = "Docs", "Docs", "{DD71B32D-6AB7-4737-9C94-50C58A929220}"
EndProject
Project("{2150E333-8FDC-42A3-9474-1A3956D46DE8}") = "Test", "Test", "{45294FAB-1B3B-4AAA-A80E-740002AD4B48}"
EndProject
Project("{FAE04EC0-301F-11D3-BF4B-00C04F79EFBC}") = "Library-Clean-Architecture", "Library-Clean-Architecture\Library-Clean-Architecture.csproj", "{EC1E35DC-2F69-4113-8226-00F3A724708A}"
EndProject
Global
	GlobalSection(SolutionConfigurationPlatforms) = preSolution
		Debug|Any CPU = Debug|Any CPU
		Release|Any CPU = Release|Any CPU
	EndGlobalSection
	GlobalSection(ProjectConfigurationPlatforms) = postSolution
		{113ADAC3-4779-4B23-BC7D-643C3EDB6EB6}.Debug|Any CPU.ActiveCfg = Debug|Any CPU
		{113ADAC3-4779-4B23-BC7D-643C3EDB6EB6}.Debug|Any CPU.Build.0 = Debug|Any CPU
		{113ADAC3-4779-4B23-BC7D-643C3EDB6EB6}.Release|Any CPU.ActiveCfg = Release|Any CPU
		{113ADAC3-4779-4B23-BC7D-643C3EDB6EB6}.Release|Any CPU.Build.0 = Release|Any CPU
		{43E827FF-C049-4CF9-87F0-2C7DB893CB14}.Debug|Any CPU.ActiveCfg = Debug|Any CPU
		{43E827FF-C049-4CF9-87F0-2C7DB893CB14}.Debug|Any CPU.Build.0 = Debug|Any CPU
		{43E827FF-C049-4CF9-87F0-2C7DB893CB14}.Release|Any CPU.ActiveCfg = Release|Any CPU
		{43E827FF-C049-4CF9-87F0-2C7DB893CB14}.Release|Any CPU.Build.0 = Release|Any CPU
		{58A460FD-0279-47AA-BA41-797903DF1103}.Debug|Any CPU.ActiveCfg = Debug|Any CPU
		{58A460FD-0279-47AA-BA41-797903DF1103}.Debug|Any CPU.Build.0 = Debug|Any CPU
		{58A460FD-0279-47AA-BA41-797903DF1103}.Release|Any CPU.ActiveCfg = Release|Any CPU
		{58A460FD-0279-47AA-BA41-797903DF1103}.Release|Any CPU.Build.0 = Release|Any CPU
		{1B940BD0-E5DD-4E2F-BAB5-0E00F7C67A63}.Debug|Any CPU.ActiveCfg = Debug|Any CPU
		{1B940BD0-E5DD-4E2F-BAB5-0E00F7C67A63}.Debug|Any CPU.Build.0 = Debug|Any CPU
		{1B940BD0-E5DD-4E2F-BAB5-0E00F7C67A63}.Release|Any CPU.ActiveCfg = Release|Any CPU
		{1B940BD0-E5DD-4E2F-BAB5-0E00F7C67A63}.Release|Any CPU.Build.0 = Release|Any CPU
		{51D2D8EB-F9BA-4597-A95F-231322D239A4}.Debug|Any CPU.ActiveCfg = Debug|Any CPU
		{51D2D8EB-F9BA-4597-A95F-231322D239A4}.Debug|Any CPU.Build.0 = Debug|Any CPU
		{51D2D8EB-F9BA-4597-A95F-231322D239A4}.Release|Any CPU.ActiveCfg = Release|Any CPU
		{51D2D8EB-F9BA-4597-A95F-231322D239A4}.Release|Any CPU.Build.0 = Release|Any CPU
		{EC1E35DC-2F69-4113-8226-00F3A724708A}.Debug|Any CPU.ActiveCfg = Debug|Any CPU
		{EC1E35DC-2F69-4113-8226-00F3A724708A}.Debug|Any CPU.Build.0 = Debug|Any CPU
		{EC1E35DC-2F69-4113-8226-00F3A724708A}.Release|Any CPU.ActiveCfg = Release|Any CPU
		{EC1E35DC-2F69-4113-8226-00F3A724708A}.Release|Any CPU.Build.0 = Release|Any CPU
	EndGlobalSection
	GlobalSection(SolutionProperties) = preSolution
		HideSolutionNode = FALSE
	EndGlobalSection
	GlobalSection(NestedProjects) = preSolution
		{465383D5-0CBB-48A6-9C17-0B0D131950DD} = {D8643C16-5718-4126-B5B1-F9233474EC09}
		{BCAC41B9-B3C1-41BB-85A4-859A441FDDBC} = {D8643C16-5718-4126-B5B1-F9233474EC09}
		{4C419D97-51F7-4638-8532-7B09F3FEB3BF} = {D8643C16-5718-4126-B5B1-F9233474EC09}
		{5D70FB8D-7345-4378-8EC0-FF1B64D7617B} = {D8643C16-5718-4126-B5B1-F9233474EC09}
		{113ADAC3-4779-4B23-BC7D-643C3EDB6EB6} = {4C419D97-51F7-4638-8532-7B09F3FEB3BF}
		{43E827FF-C049-4CF9-87F0-2C7DB893CB14} = {465383D5-0CBB-48A6-9C17-0B0D131950DD}
		{58A460FD-0279-47AA-BA41-797903DF1103} = {465383D5-0CBB-48A6-9C17-0B0D131950DD}
		{1B940BD0-E5DD-4E2F-BAB5-0E00F7C67A63} = {BCAC41B9-B3C1-41BB-85A4-859A441FDDBC}
		{51D2D8EB-F9BA-4597-A95F-231322D239A4} = {BCAC41B9-B3C1-41BB-85A4-859A441FDDBC}
		{EC1E35DC-2F69-4113-8226-00F3A724708A} = {5D70FB8D-7345-4378-8EC0-FF1B64D7617B}
	EndGlobalSection
	GlobalSection(ExtensibilityGlobals) = postSolution
		SolutionGuid = {F77F45BE-3FDB-4889-B8A4-AD05DBF8F8AB}
	EndGlobalSection
EndGlobal
