
Microsoft Visual Studio Solution File, Format Version 12.00
# Visual Studio Version 17
VisualStudioVersion = 17.4.33213.308
MinimumVisualStudioVersion = 10.0.40219.1
Project("{9A19103F-16F7-4668-BE54-9A1E7A4F7556}") = "Library-Clean-Architecture", "Library-Clean-Architecture\Library-Clean-Architecture.csproj", "{E298E746-FEBA-40E5-800A-3E5F23681750}"
EndProject
Project("{2150E333-8FDC-42A3-9474-1A3956D46DE8}") = "src", "src", "{D8643C16-5718-4126-B5B1-F9233474EC09}"
EndProject
Project("{2150E333-8FDC-42A3-9474-1A3956D46DE8}") = "test", "test", "{2B09AFD4-7DEC-4AA6-A83D-64FBA86B5857}"
EndProject
Project("{FAE04EC0-301F-11D3-BF4B-00C04F79EFBC}") = "InfrastructureLibrary", "InfrastructureLibrary\InfrastructureLibrary.csproj", "{C7162CA8-D6F6-4ADD-8C73-B8F8B4FA8836}"
EndProject
Project("{FAE04EC0-301F-11D3-BF4B-00C04F79EFBC}") = "ApplicationLibrary", "ApplicationLibrary\ApplicationLibrary.csproj", "{3C2D5464-20FA-44FF-9AED-F97993EA7802}"
EndProject
Project("{2150E333-8FDC-42A3-9474-1A3956D46DE8}") = "Core", "Core", "{465383D5-0CBB-48A6-9C17-0B0D131950DD}"
EndProject
Project("{FAE04EC0-301F-11D3-BF4B-00C04F79EFBC}") = "DomainLibrary", "DomainLibrary\DomainLibrary.csproj", "{30D4339E-8CBE-4DF5-B74A-788B5793570D}"
EndProject
Project("{2150E333-8FDC-42A3-9474-1A3956D46DE8}") = "Infrastructure", "Infrastructure", "{BCAC41B9-B3C1-41BB-85A4-859A441FDDBC}"
EndProject
Project("{FAE04EC0-301F-11D3-BF4B-00C04F79EFBC}") = "PersistanceLibrary", "PersistanceLibrary\PersistanceLibrary.csproj", "{7049B5EB-2B9E-459E-A5D7-5FD66CC98943}"
EndProject
Project("{2150E333-8FDC-42A3-9474-1A3956D46DE8}") = "Common", "Common", "{4C419D97-51F7-4638-8532-7B09F3FEB3BF}"
EndProject
Project("{FAE04EC0-301F-11D3-BF4B-00C04F79EFBC}") = "CommonLibrary", "CommonLibrary\CommonLibrary.csproj", "{E58F031B-D121-4983-9388-DB6D8699F6D7}"
EndProject
Project("{2150E333-8FDC-42A3-9474-1A3956D46DE8}") = "Presentation", "Presentation", "{5D70FB8D-7345-4378-8EC0-FF1B64D7617B}"
EndProject
Global
	GlobalSection(SolutionConfigurationPlatforms) = preSolution
		Debug|Any CPU = Debug|Any CPU
		Release|Any CPU = Release|Any CPU
	EndGlobalSection
	GlobalSection(ProjectConfigurationPlatforms) = postSolution
		{E298E746-FEBA-40E5-800A-3E5F23681750}.Debug|Any CPU.ActiveCfg = Debug|Any CPU
		{E298E746-FEBA-40E5-800A-3E5F23681750}.Debug|Any CPU.Build.0 = Debug|Any CPU
		{E298E746-FEBA-40E5-800A-3E5F23681750}.Release|Any CPU.ActiveCfg = Release|Any CPU
		{E298E746-FEBA-40E5-800A-3E5F23681750}.Release|Any CPU.Build.0 = Release|Any CPU
		{C7162CA8-D6F6-4ADD-8C73-B8F8B4FA8836}.Debug|Any CPU.ActiveCfg = Debug|Any CPU
		{C7162CA8-D6F6-4ADD-8C73-B8F8B4FA8836}.Debug|Any CPU.Build.0 = Debug|Any CPU
		{C7162CA8-D6F6-4ADD-8C73-B8F8B4FA8836}.Release|Any CPU.ActiveCfg = Release|Any CPU
		{C7162CA8-D6F6-4ADD-8C73-B8F8B4FA8836}.Release|Any CPU.Build.0 = Release|Any CPU
		{3C2D5464-20FA-44FF-9AED-F97993EA7802}.Debug|Any CPU.ActiveCfg = Debug|Any CPU
		{3C2D5464-20FA-44FF-9AED-F97993EA7802}.Debug|Any CPU.Build.0 = Debug|Any CPU
		{3C2D5464-20FA-44FF-9AED-F97993EA7802}.Release|Any CPU.ActiveCfg = Release|Any CPU
		{3C2D5464-20FA-44FF-9AED-F97993EA7802}.Release|Any CPU.Build.0 = Release|Any CPU
		{30D4339E-8CBE-4DF5-B74A-788B5793570D}.Debug|Any CPU.ActiveCfg = Debug|Any CPU
		{30D4339E-8CBE-4DF5-B74A-788B5793570D}.Debug|Any CPU.Build.0 = Debug|Any CPU
		{30D4339E-8CBE-4DF5-B74A-788B5793570D}.Release|Any CPU.ActiveCfg = Release|Any CPU
		{30D4339E-8CBE-4DF5-B74A-788B5793570D}.Release|Any CPU.Build.0 = Release|Any CPU
		{7049B5EB-2B9E-459E-A5D7-5FD66CC98943}.Debug|Any CPU.ActiveCfg = Debug|Any CPU
		{7049B5EB-2B9E-459E-A5D7-5FD66CC98943}.Debug|Any CPU.Build.0 = Debug|Any CPU
		{7049B5EB-2B9E-459E-A5D7-5FD66CC98943}.Release|Any CPU.ActiveCfg = Release|Any CPU
		{7049B5EB-2B9E-459E-A5D7-5FD66CC98943}.Release|Any CPU.Build.0 = Release|Any CPU
		{E58F031B-D121-4983-9388-DB6D8699F6D7}.Debug|Any CPU.ActiveCfg = Debug|Any CPU
		{E58F031B-D121-4983-9388-DB6D8699F6D7}.Debug|Any CPU.Build.0 = Debug|Any CPU
		{E58F031B-D121-4983-9388-DB6D8699F6D7}.Release|Any CPU.ActiveCfg = Release|Any CPU
		{E58F031B-D121-4983-9388-DB6D8699F6D7}.Release|Any CPU.Build.0 = Release|Any CPU
	EndGlobalSection
	GlobalSection(SolutionProperties) = preSolution
		HideSolutionNode = FALSE
	EndGlobalSection
	GlobalSection(NestedProjects) = preSolution
		{E298E746-FEBA-40E5-800A-3E5F23681750} = {5D70FB8D-7345-4378-8EC0-FF1B64D7617B}
		{C7162CA8-D6F6-4ADD-8C73-B8F8B4FA8836} = {BCAC41B9-B3C1-41BB-85A4-859A441FDDBC}
		{3C2D5464-20FA-44FF-9AED-F97993EA7802} = {465383D5-0CBB-48A6-9C17-0B0D131950DD}
		{465383D5-0CBB-48A6-9C17-0B0D131950DD} = {D8643C16-5718-4126-B5B1-F9233474EC09}
		{30D4339E-8CBE-4DF5-B74A-788B5793570D} = {465383D5-0CBB-48A6-9C17-0B0D131950DD}
		{BCAC41B9-B3C1-41BB-85A4-859A441FDDBC} = {D8643C16-5718-4126-B5B1-F9233474EC09}
		{7049B5EB-2B9E-459E-A5D7-5FD66CC98943} = {BCAC41B9-B3C1-41BB-85A4-859A441FDDBC}
		{4C419D97-51F7-4638-8532-7B09F3FEB3BF} = {D8643C16-5718-4126-B5B1-F9233474EC09}
		{E58F031B-D121-4983-9388-DB6D8699F6D7} = {4C419D97-51F7-4638-8532-7B09F3FEB3BF}
		{5D70FB8D-7345-4378-8EC0-FF1B64D7617B} = {D8643C16-5718-4126-B5B1-F9233474EC09}
	EndGlobalSection
	GlobalSection(ExtensibilityGlobals) = postSolution
		SolutionGuid = {F77F45BE-3FDB-4889-B8A4-AD05DBF8F8AB}
	EndGlobalSection
EndGlobal
