
Microsoft Visual Studio Solution File, Format Version 12.00
# Visual Studio Version 17
VisualStudioVersion = 17.4.33213.308
MinimumVisualStudioVersion = 10.0.40219.1
Project("{2150E333-8FDC-42A3-9474-1A3956D46DE8}") = "Documents", "Documents", "{FE4D400F-122F-4CDE-91E8-137BF0C15371}"
	ProjectSection(SolutionItems) = preProject
		information.txt = information.txt
	EndProjectSection
EndProject
Project("{2150E333-8FDC-42A3-9474-1A3956D46DE8}") = "Src", "Src", "{CB0A92C9-22AE-49FD-8754-FC9B0C8EF9CF}"
EndProject
Project("{2150E333-8FDC-42A3-9474-1A3956D46DE8}") = "Test", "Test", "{465332CF-B6B7-4BF6-8212-2BC13B2331D6}"
EndProject
Project("{2150E333-8FDC-42A3-9474-1A3956D46DE8}") = "Core", "Core", "{4A96F4C4-1ACD-45CB-8655-EC22A84BF08C}"
EndProject
Project("{2150E333-8FDC-42A3-9474-1A3956D46DE8}") = "Infrastructure", "Infrastructure", "{F758CD70-2D04-41BE-B4FC-B036DFCA3D06}"
EndProject
Project("{2150E333-8FDC-42A3-9474-1A3956D46DE8}") = "Common", "Common", "{5EFE2D67-DE68-4F58-BD40-7231C79716A8}"
EndProject
Project("{2150E333-8FDC-42A3-9474-1A3956D46DE8}") = "Presentation", "Presentation", "{B76ECEA2-D952-434A-A71C-F1A18F54D859}"
EndProject
Project("{9A19103F-16F7-4668-BE54-9A1E7A4F7556}") = "Library.Common", "Library.Common\Library.Common.csproj", "{DDE2EA05-05F0-4DA1-8BE7-0EB96A78CE8E}"
EndProject
Project("{9A19103F-16F7-4668-BE54-9A1E7A4F7556}") = "Library.Application", "Library.Application\Library.Application.csproj", "{2F2E4BC3-A67F-4696-BDC1-C5F7BAA123C0}"
EndProject
Project("{9A19103F-16F7-4668-BE54-9A1E7A4F7556}") = "Library.Domain", "Library.Domain\Library.Domain.csproj", "{CD94A083-89E1-4767-949D-02D83807BC2A}"
EndProject
Project("{9A19103F-16F7-4668-BE54-9A1E7A4F7556}") = "Library.Infrastructure", "Library.Infrastructure\Library.Infrastructure.csproj", "{52C9B0B7-AF95-4AB6-8DBF-3A38DF332291}"
EndProject
Project("{9A19103F-16F7-4668-BE54-9A1E7A4F7556}") = "Library.Persistance", "Library.Persistance\Library.Persistance.csproj", "{BB927C58-8596-48FC-B302-181F69A66193}"
EndProject
Project("{9A19103F-16F7-4668-BE54-9A1E7A4F7556}") = "Library.Endpoint.Site", "Library.Endpoint.Site\Library.Endpoint.Site.csproj", "{B50DCF2A-E537-446B-A847-941689CFB6D4}"
EndProject
Global
	GlobalSection(SolutionConfigurationPlatforms) = preSolution
		Debug|Any CPU = Debug|Any CPU
		Release|Any CPU = Release|Any CPU
	EndGlobalSection
	GlobalSection(ProjectConfigurationPlatforms) = postSolution
		{DDE2EA05-05F0-4DA1-8BE7-0EB96A78CE8E}.Debug|Any CPU.ActiveCfg = Debug|Any CPU
		{DDE2EA05-05F0-4DA1-8BE7-0EB96A78CE8E}.Debug|Any CPU.Build.0 = Debug|Any CPU
		{DDE2EA05-05F0-4DA1-8BE7-0EB96A78CE8E}.Release|Any CPU.ActiveCfg = Release|Any CPU
		{DDE2EA05-05F0-4DA1-8BE7-0EB96A78CE8E}.Release|Any CPU.Build.0 = Release|Any CPU
		{2F2E4BC3-A67F-4696-BDC1-C5F7BAA123C0}.Debug|Any CPU.ActiveCfg = Debug|Any CPU
		{2F2E4BC3-A67F-4696-BDC1-C5F7BAA123C0}.Debug|Any CPU.Build.0 = Debug|Any CPU
		{2F2E4BC3-A67F-4696-BDC1-C5F7BAA123C0}.Release|Any CPU.ActiveCfg = Release|Any CPU
		{2F2E4BC3-A67F-4696-BDC1-C5F7BAA123C0}.Release|Any CPU.Build.0 = Release|Any CPU
		{CD94A083-89E1-4767-949D-02D83807BC2A}.Debug|Any CPU.ActiveCfg = Debug|Any CPU
		{CD94A083-89E1-4767-949D-02D83807BC2A}.Debug|Any CPU.Build.0 = Debug|Any CPU
		{CD94A083-89E1-4767-949D-02D83807BC2A}.Release|Any CPU.ActiveCfg = Release|Any CPU
		{CD94A083-89E1-4767-949D-02D83807BC2A}.Release|Any CPU.Build.0 = Release|Any CPU
		{52C9B0B7-AF95-4AB6-8DBF-3A38DF332291}.Debug|Any CPU.ActiveCfg = Debug|Any CPU
		{52C9B0B7-AF95-4AB6-8DBF-3A38DF332291}.Debug|Any CPU.Build.0 = Debug|Any CPU
		{52C9B0B7-AF95-4AB6-8DBF-3A38DF332291}.Release|Any CPU.ActiveCfg = Release|Any CPU
		{52C9B0B7-AF95-4AB6-8DBF-3A38DF332291}.Release|Any CPU.Build.0 = Release|Any CPU
		{BB927C58-8596-48FC-B302-181F69A66193}.Debug|Any CPU.ActiveCfg = Debug|Any CPU
		{BB927C58-8596-48FC-B302-181F69A66193}.Debug|Any CPU.Build.0 = Debug|Any CPU
		{BB927C58-8596-48FC-B302-181F69A66193}.Release|Any CPU.ActiveCfg = Release|Any CPU
		{BB927C58-8596-48FC-B302-181F69A66193}.Release|Any CPU.Build.0 = Release|Any CPU
		{B50DCF2A-E537-446B-A847-941689CFB6D4}.Debug|Any CPU.ActiveCfg = Debug|Any CPU
		{B50DCF2A-E537-446B-A847-941689CFB6D4}.Debug|Any CPU.Build.0 = Debug|Any CPU
		{B50DCF2A-E537-446B-A847-941689CFB6D4}.Release|Any CPU.ActiveCfg = Release|Any CPU
		{B50DCF2A-E537-446B-A847-941689CFB6D4}.Release|Any CPU.Build.0 = Release|Any CPU
	EndGlobalSection
	GlobalSection(SolutionProperties) = preSolution
		HideSolutionNode = FALSE
	EndGlobalSection
	GlobalSection(NestedProjects) = preSolution
		{4A96F4C4-1ACD-45CB-8655-EC22A84BF08C} = {CB0A92C9-22AE-49FD-8754-FC9B0C8EF9CF}
		{F758CD70-2D04-41BE-B4FC-B036DFCA3D06} = {CB0A92C9-22AE-49FD-8754-FC9B0C8EF9CF}
		{5EFE2D67-DE68-4F58-BD40-7231C79716A8} = {CB0A92C9-22AE-49FD-8754-FC9B0C8EF9CF}
		{B76ECEA2-D952-434A-A71C-F1A18F54D859} = {CB0A92C9-22AE-49FD-8754-FC9B0C8EF9CF}
		{DDE2EA05-05F0-4DA1-8BE7-0EB96A78CE8E} = {5EFE2D67-DE68-4F58-BD40-7231C79716A8}
		{2F2E4BC3-A67F-4696-BDC1-C5F7BAA123C0} = {4A96F4C4-1ACD-45CB-8655-EC22A84BF08C}
		{CD94A083-89E1-4767-949D-02D83807BC2A} = {4A96F4C4-1ACD-45CB-8655-EC22A84BF08C}
		{52C9B0B7-AF95-4AB6-8DBF-3A38DF332291} = {F758CD70-2D04-41BE-B4FC-B036DFCA3D06}
		{BB927C58-8596-48FC-B302-181F69A66193} = {F758CD70-2D04-41BE-B4FC-B036DFCA3D06}
		{B50DCF2A-E537-446B-A847-941689CFB6D4} = {B76ECEA2-D952-434A-A71C-F1A18F54D859}
	EndGlobalSection
	GlobalSection(ExtensibilityGlobals) = postSolution
		SolutionGuid = {5FF7C88E-8514-45FD-A017-124D33DF6C6F}
	EndGlobalSection
EndGlobal
